// !$*UTF8*$!
{
	archiveVersion = 1;
	classes = {
	};
	objectVersion = 56;
	objects = {

/* Begin PBXBuildFile section */
		1DEECB7CF2C27F3B77216974 /* Pods_DependencyInjection.framework in Frameworks */ = {isa = PBXBuildFile; fileRef = 75939489DA35065B263D36BA /* Pods_DependencyInjection.framework */; };
		6F208D192A027DCC0034327D /* BackgroundProviderProtocol.swift in Sources */ = {isa = PBXBuildFile; fileRef = 6F208D182A027DCC0034327D /* BackgroundProviderProtocol.swift */; };
		6F208D1D2A027E3C0034327D /* backgroundProvidingClass.swift in Sources */ = {isa = PBXBuildFile; fileRef = 6F208D1C2A027E3C0034327D /* backgroundProvidingClass.swift */; };
		6F208D1F2A027F050034327D /* AnotherVC.swift in Sources */ = {isa = PBXBuildFile; fileRef = 6F208D1E2A027F050034327D /* AnotherVC.swift */; };
		6F4EF0A82A02534500CB7AC3 /* AppDelegate.swift in Sources */ = {isa = PBXBuildFile; fileRef = 6F4EF0A72A02534500CB7AC3 /* AppDelegate.swift */; };
		6F4EF0AA2A02534500CB7AC3 /* SceneDelegate.swift in Sources */ = {isa = PBXBuildFile; fileRef = 6F4EF0A92A02534500CB7AC3 /* SceneDelegate.swift */; };
		6F4EF0AC2A02534500CB7AC3 /* ViewController.swift in Sources */ = {isa = PBXBuildFile; fileRef = 6F4EF0AB2A02534500CB7AC3 /* ViewController.swift */; };
		6F4EF0AF2A02534500CB7AC3 /* Main.storyboard in Resources */ = {isa = PBXBuildFile; fileRef = 6F4EF0AD2A02534500CB7AC3 /* Main.storyboard */; };
		6F4EF0B12A02534600CB7AC3 /* Assets.xcassets in Resources */ = {isa = PBXBuildFile; fileRef = 6F4EF0B02A02534600CB7AC3 /* Assets.xcassets */; };
		6F4EF0B42A02534600CB7AC3 /* LaunchScreen.storyboard in Resources */ = {isa = PBXBuildFile; fileRef = 6F4EF0B22A02534600CB7AC3 /* LaunchScreen.storyboard */; };
/* End PBXBuildFile section */

/* Begin PBXFileReference section */
		2CB37573E019D2DBD7670CFD /* Pods-DependencyInjection.release.xcconfig */ = {isa = PBXFileReference; includeInIndex = 1; lastKnownFileType = text.xcconfig; name = "Pods-DependencyInjection.release.xcconfig"; path = "Target Support Files/Pods-DependencyInjection/Pods-DependencyInjection.release.xcconfig"; sourceTree = "<group>"; };
		6891E0A8B2E9855F638D7274 /* Pods-DependencyInjection.debug.xcconfig */ = {isa = PBXFileReference; includeInIndex = 1; lastKnownFileType = text.xcconfig; name = "Pods-DependencyInjection.debug.xcconfig"; path = "Target Support Files/Pods-DependencyInjection/Pods-DependencyInjection.debug.xcconfig"; sourceTree = "<group>"; };
		6F208D182A027DCC0034327D /* BackgroundProviderProtocol.swift */ = {isa = PBXFileReference; lastKnownFileType = sourcecode.swift; path = BackgroundProviderProtocol.swift; sourceTree = "<group>"; };
		6F208D1C2A027E3C0034327D /* backgroundProvidingClass.swift */ = {isa = PBXFileReference; lastKnownFileType = sourcecode.swift; path = backgroundProvidingClass.swift; sourceTree = "<group>"; };
		6F208D1E2A027F050034327D /* AnotherVC.swift */ = {isa = PBXFileReference; lastKnownFileType = sourcecode.swift; path = AnotherVC.swift; sourceTree = "<group>"; };
		6F4EF0A42A02534500CB7AC3 /* DependencyInjection.app */ = {isa = PBXFileReference; explicitFileType = wrapper.application; includeInIndex = 0; path = DependencyInjection.app; sourceTree = BUILT_PRODUCTS_DIR; };
		6F4EF0A72A02534500CB7AC3 /* AppDelegate.swift */ = {isa = PBXFileReference; lastKnownFileType = sourcecode.swift; path = AppDelegate.swift; sourceTree = "<group>"; };
		6F4EF0A92A02534500CB7AC3 /* SceneDelegate.swift */ = {isa = PBXFileReference; lastKnownFileType = sourcecode.swift; path = SceneDelegate.swift; sourceTree = "<group>"; };
		6F4EF0AB2A02534500CB7AC3 /* ViewController.swift */ = {isa = PBXFileReference; lastKnownFileType = sourcecode.swift; path = ViewController.swift; sourceTree = "<group>"; };
		6F4EF0AE2A02534500CB7AC3 /* Base */ = {isa = PBXFileReference; lastKnownFileType = file.storyboard; name = Base; path = Base.lproj/Main.storyboard; sourceTree = "<group>"; };
		6F4EF0B02A02534600CB7AC3 /* Assets.xcassets */ = {isa = PBXFileReference; lastKnownFileType = folder.assetcatalog; path = Assets.xcassets; sourceTree = "<group>"; };
		6F4EF0B32A02534600CB7AC3 /* Base */ = {isa = PBXFileReference; lastKnownFileType = file.storyboard; name = Base; path = Base.lproj/LaunchScreen.storyboard; sourceTree = "<group>"; };
		6F4EF0B52A02534600CB7AC3 /* Info.plist */ = {isa = PBXFileReference; lastKnownFileType = text.plist.xml; path = Info.plist; sourceTree = "<group>"; };
		75939489DA35065B263D36BA /* Pods_DependencyInjection.framework */ = {isa = PBXFileReference; explicitFileType = wrapper.framework; includeInIndex = 0; path = Pods_DependencyInjection.framework; sourceTree = BUILT_PRODUCTS_DIR; };
/* End PBXFileReference section */

/* Begin PBXFrameworksBuildPhase section */
		6F4EF0A12A02534500CB7AC3 /* Frameworks */ = {
			isa = PBXFrameworksBuildPhase;
			buildActionMask = 2147483647;
			files = (
				1DEECB7CF2C27F3B77216974 /* Pods_DependencyInjection.framework in Frameworks */,
			);
			runOnlyForDeploymentPostprocessing = 0;
		};
/* End PBXFrameworksBuildPhase section */

/* Begin PBXGroup section */
		6F4EF09B2A02534500CB7AC3 = {
			isa = PBXGroup;
			children = (
				6F4EF0A62A02534500CB7AC3 /* DependencyInjection */,
				6F4EF0A52A02534500CB7AC3 /* Products */,
				79EF9A886843E05C467C7490 /* Pods */,
				949A295CA13296AD87CF05CB /* Frameworks */,
			);
			sourceTree = "<group>";
		};
		6F4EF0A52A02534500CB7AC3 /* Products */ = {
			isa = PBXGroup;
			children = (
				6F4EF0A42A02534500CB7AC3 /* DependencyInjection.app */,
			);
			name = Products;
			sourceTree = "<group>";
		};
		6F4EF0A62A02534500CB7AC3 /* DependencyInjection */ = {
			isa = PBXGroup;
			children = (
				6F4EF0A72A02534500CB7AC3 /* AppDelegate.swift */,
				6F4EF0A92A02534500CB7AC3 /* SceneDelegate.swift */,
				6F4EF0AB2A02534500CB7AC3 /* ViewController.swift */,
				6F208D182A027DCC0034327D /* BackgroundProviderProtocol.swift */,
				6F208D1E2A027F050034327D /* AnotherVC.swift */,
				6F4EF0AD2A02534500CB7AC3 /* Main.storyboard */,
				6F4EF0B02A02534600CB7AC3 /* Assets.xcassets */,
				6F4EF0B22A02534600CB7AC3 /* LaunchScreen.storyboard */,
				6F4EF0B52A02534600CB7AC3 /* Info.plist */,
				6F208D1C2A027E3C0034327D /* backgroundProvidingClass.swift */,
			);
			path = DependencyInjection;
			sourceTree = "<group>";
		};
		79EF9A886843E05C467C7490 /* Pods */ = {
			isa = PBXGroup;
			children = (
				6891E0A8B2E9855F638D7274 /* Pods-DependencyInjection.debug.xcconfig */,
				2CB37573E019D2DBD7670CFD /* Pods-DependencyInjection.release.xcconfig */,
			);
			path = Pods;
			sourceTree = "<group>";
		};
		949A295CA13296AD87CF05CB /* Frameworks */ = {
			isa = PBXGroup;
			children = (
				75939489DA35065B263D36BA /* Pods_DependencyInjection.framework */,
			);
			name = Frameworks;
			sourceTree = "<group>";
		};
/* End PBXGroup section */

/* Begin PBXNativeTarget section */
		6F4EF0A32A02534500CB7AC3 /* DependencyInjection */ = {
			isa = PBXNativeTarget;
			buildConfigurationList = 6F4EF0B82A02534600CB7AC3 /* Build configuration list for PBXNativeTarget "DependencyInjection" */;
			buildPhases = (
				D04B398315007FEBD7725635 /* [CP] Check Pods Manifest.lock */,
				6F4EF0A02A02534500CB7AC3 /* Sources */,
				6F4EF0A12A02534500CB7AC3 /* Frameworks */,
				6F4EF0A22A02534500CB7AC3 /* Resources */,
				D279195643CCE3F6DAF67DC8 /* [CP] Embed Pods Frameworks */,
			);
			buildRules = (
			);
			dependencies = (
			);
			name = DependencyInjection;
			productName = DependencyInjection;
			productReference = 6F4EF0A42A02534500CB7AC3 /* DependencyInjection.app */;
			productType = "com.apple.product-type.application";
		};
/* End PBXNativeTarget section */

/* Begin PBXProject section */
		6F4EF09C2A02534500CB7AC3 /* Project object */ = {
			isa = PBXProject;
			attributes = {
				BuildIndependentTargetsInParallel = 1;
				LastSwiftUpdateCheck = 1420;
				LastUpgradeCheck = 1420;
				TargetAttributes = {
					6F4EF0A32A02534500CB7AC3 = {
						CreatedOnToolsVersion = 14.2;
					};
				};
			};
			buildConfigurationList = 6F4EF09F2A02534500CB7AC3 /* Build configuration list for PBXProject "DependencyInjection" */;
			compatibilityVersion = "Xcode 14.0";
			developmentRegion = en;
			hasScannedForEncodings = 0;
			knownRegions = (
				en,
				Base,
			);
			mainGroup = 6F4EF09B2A02534500CB7AC3;
			productRefGroup = 6F4EF0A52A02534500CB7AC3 /* Products */;
			projectDirPath = "";
			projectRoot = "";
			targets = (
				6F4EF0A32A02534500CB7AC3 /* DependencyInjection */,
			);
		};
/* End PBXProject section */

/* Begin PBXResourcesBuildPhase section */
		6F4EF0A22A02534500CB7AC3 /* Resources */ = {
			isa = PBXResourcesBuildPhase;
			buildActionMask = 2147483647;
			files = (
				6F4EF0B42A02534600CB7AC3 /* LaunchScreen.storyboard in Resources */,
				6F4EF0B12A02534600CB7AC3 /* Assets.xcassets in Resources */,
				6F4EF0AF2A02534500CB7AC3 /* Main.storyboard in Resources */,
			);
			runOnlyForDeploymentPostprocessing = 0;
		};
/* End PBXResourcesBuildPhase section */

/* Begin PBXShellScriptBuildPhase section */
		D04B398315007FEBD7725635 /* [CP] Check Pods Manifest.lock */ = {
			isa = PBXShellScriptBuildPhase;
			buildActionMask = 2147483647;
			files = (
			);
			inputFileListPaths = (
			);
			inputPaths = (
				"${PODS_PODFILE_DIR_PATH}/Podfile.lock",
				"${PODS_ROOT}/Manifest.lock",
			);
			name = "[CP] Check Pods Manifest.lock";
			outputFileListPaths = (
			);
			outputPaths = (
				"$(DERIVED_FILE_DIR)/Pods-DependencyInjection-checkManifestLockResult.txt",
			);
			runOnlyForDeploymentPostprocessing = 0;
			shellPath = /bin/sh;
			shellScript = "diff \"${PODS_PODFILE_DIR_PATH}/Podfile.lock\" \"${PODS_ROOT}/Manifest.lock\" > /dev/null\nif [ $? != 0 ] ; then\n    # print error to STDERR\n    echo \"error: The sandbox is not in sync with the Podfile.lock. Run 'pod install' or update your CocoaPods installation.\" >&2\n    exit 1\nfi\n# This output is used by Xcode 'outputs' to avoid re-running this script phase.\necho \"SUCCESS\" > \"${SCRIPT_OUTPUT_FILE_0}\"\n";
			showEnvVarsInLog = 0;
		};
		D279195643CCE3F6DAF67DC8 /* [CP] Embed Pods Frameworks */ = {
			isa = PBXShellScriptBuildPhase;
			buildActionMask = 2147483647;
			files = (
			);
			inputFileListPaths = (
				"${PODS_ROOT}/Target Support Files/Pods-DependencyInjection/Pods-DependencyInjection-frameworks-${CONFIGURATION}-input-files.xcfilelist",
			);
			name = "[CP] Embed Pods Frameworks";
			outputFileListPaths = (
				"${PODS_ROOT}/Target Support Files/Pods-DependencyInjection/Pods-DependencyInjection-frameworks-${CONFIGURATION}-output-files.xcfilelist",
			);
			runOnlyForDeploymentPostprocessing = 0;
			shellPath = /bin/sh;
			shellScript = "\"${PODS_ROOT}/Target Support Files/Pods-DependencyInjection/Pods-DependencyInjection-frameworks.sh\"\n";
			showEnvVarsInLog = 0;
		};
/* End PBXShellScriptBuildPhase section */

/* Begin PBXSourcesBuildPhase section */
		6F4EF0A02A02534500CB7AC3 /* Sources */ = {
			isa = PBXSourcesBuildPhase;
			buildActionMask = 2147483647;
			files = (
				6F208D1D2A027E3C0034327D /* backgroundProvidingClass.swift in Sources */,
				6F208D192A027DCC0034327D /* BackgroundProviderProtocol.swift in Sources */,
				6F4EF0AC2A02534500CB7AC3 /* ViewController.swift in Sources */,
				6F4EF0A82A02534500CB7AC3 /* AppDelegate.swift in Sources */,
				6F208D1F2A027F050034327D /* AnotherVC.swift in Sources */,
				6F4EF0AA2A02534500CB7AC3 /* SceneDelegate.swift in Sources */,
			);
			runOnlyForDeploymentPostprocessing = 0;
		};
/* End PBXSourcesBuildPhase section */

/* Begin PBXVariantGroup section */
		6F4EF0AD2A02534500CB7AC3 /* Main.storyboard */ = {
			isa = PBXVariantGroup;
			children = (
				6F4EF0AE2A02534500CB7AC3 /* Base */,
			);
			name = Main.storyboard;
			sourceTree = "<group>";
		};
		6F4EF0B22A02534600CB7AC3 /* LaunchScreen.storyboard */ = {
			isa = PBXVariantGroup;
			children = (
				6F4EF0B32A02534600CB7AC3 /* Base */,
			);
			name = LaunchScreen.storyboard;
			sourceTree = "<group>";
		};
/* End PBXVariantGroup section */

/* Begin XCBuildConfiguration section */
		6F4EF0B62A02534600CB7AC3 /* Debug */ = {
			isa = XCBuildConfiguration;
			buildSettings = {
				ALWAYS_SEARCH_USER_PATHS = NO;
				CLANG_ANALYZER_NONNULL = YES;
				CLANG_ANALYZER_NUMBER_OBJECT_CONVERSION = YES_AGGRESSIVE;
				CLANG_CXX_LANGUAGE_STANDARD = "gnu++20";
				CLANG_ENABLE_MODULES = YES;
				CLANG_ENABLE_OBJC_ARC = YES;
				CLANG_ENABLE_OBJC_WEAK = YES;
				CLANG_WARN_BLOCK_CAPTURE_AUTORELEASING = YES;
				CLANG_WARN_BOOL_CONVERSION = YES;
				CLANG_WARN_COMMA = YES;
				CLANG_WARN_CONSTANT_CONVERSION = YES;
				CLANG_WARN_DEPRECATED_OBJC_IMPLEMENTATIONS = YES;
				CLANG_WARN_DIRECT_OBJC_ISA_USAGE = YES_ERROR;
				CLANG_WARN_DOCUMENTATION_COMMENTS = YES;
				CLANG_WARN_EMPTY_BODY = YES;
				CLANG_WARN_ENUM_CONVERSION = YES;
				CLANG_WARN_INFINITE_RECURSION = YES;
				CLANG_WARN_INT_CONVERSION = YES;
				CLANG_WARN_NON_LITERAL_NULL_CONVERSION = YES;
				CLANG_WARN_OBJC_IMPLICIT_RETAIN_SELF = YES;
				CLANG_WARN_OBJC_LITERAL_CONVERSION = YES;
				CLANG_WARN_OBJC_ROOT_CLASS = YES_ERROR;
				CLANG_WARN_QUOTED_INCLUDE_IN_FRAMEWORK_HEADER = YES;
				CLANG_WARN_RANGE_LOOP_ANALYSIS = YES;
				CLANG_WARN_STRICT_PROTOTYPES = YES;
				CLANG_WARN_SUSPICIOUS_MOVE = YES;
				CLANG_WARN_UNGUARDED_AVAILABILITY = YES_AGGRESSIVE;
				CLANG_WARN_UNREACHABLE_CODE = YES;
				CLANG_WARN__DUPLICATE_METHOD_MATCH = YES;
				COPY_PHASE_STRIP = NO;
				DEBUG_INFORMATION_FORMAT = dwarf;
				ENABLE_STRICT_OBJC_MSGSEND = YES;
				ENABLE_TESTABILITY = YES;
				GCC_C_LANGUAGE_STANDARD = gnu11;
				GCC_DYNAMIC_NO_PIC = NO;
				GCC_NO_COMMON_BLOCKS = YES;
				GCC_OPTIMIZATION_LEVEL = 0;
				GCC_PREPROCESSOR_DEFINITIONS = (
					"DEBUG=1",
					"$(inherited)",
				);
				GCC_WARN_64_TO_32_BIT_CONVERSION = YES;
				GCC_WARN_ABOUT_RETURN_TYPE = YES_ERROR;
				GCC_WARN_UNDECLARED_SELECTOR = YES;
				GCC_WARN_UNINITIALIZED_AUTOS = YES_AGGRESSIVE;
				GCC_WARN_UNUSED_FUNCTION = YES;
				GCC_WARN_UNUSED_VARIABLE = YES;
				IPHONEOS_DEPLOYMENT_TARGET = 16.2;
				MTL_ENABLE_DEBUG_INFO = INCLUDE_SOURCE;
				MTL_FAST_MATH = YES;
				ONLY_ACTIVE_ARCH = YES;
				SDKROOT = iphoneos;
				SWIFT_ACTIVE_COMPILATION_CONDITIONS = DEBUG;
				SWIFT_OPTIMIZATION_LEVEL = "-Onone";
			};
			name = Debug;
		};
		6F4EF0B72A02534600CB7AC3 /* Release */ = {
			isa = XCBuildConfiguration;
			buildSettings = {
				ALWAYS_SEARCH_USER_PATHS = NO;
				CLANG_ANALYZER_NONNULL = YES;
				CLANG_ANALYZER_NUMBER_OBJECT_CONVERSION = YES_AGGRESSIVE;
				CLANG_CXX_LANGUAGE_STANDARD = "gnu++20";
				CLANG_ENABLE_MODULES = YES;
				CLANG_ENABLE_OBJC_ARC = YES;
				CLANG_ENABLE_OBJC_WEAK = YES;
				CLANG_WARN_BLOCK_CAPTURE_AUTORELEASING = YES;
				CLANG_WARN_BOOL_CONVERSION = YES;
				CLANG_WARN_COMMA = YES;
				CLANG_WARN_CONSTANT_CONVERSION = YES;
				CLANG_WARN_DEPRECATED_OBJC_IMPLEMENTATIONS = YES;
				CLANG_WARN_DIRECT_OBJC_ISA_USAGE = YES_ERROR;
				CLANG_WARN_DOCUMENTATION_COMMENTS = YES;
				CLANG_WARN_EMPTY_BODY = YES;
				CLANG_WARN_ENUM_CONVERSION = YES;
				CLANG_WARN_INFINITE_RECURSION = YES;
				CLANG_WARN_INT_CONVERSION = YES;
				CLANG_WARN_NON_LITERAL_NULL_CONVERSION = YES;
				CLANG_WARN_OBJC_IMPLICIT_RETAIN_SELF = YES;
				CLANG_WARN_OBJC_LITERAL_CONVERSION = YES;
				CLANG_WARN_OBJC_ROOT_CLASS = YES_ERROR;
				CLANG_WARN_QUOTED_INCLUDE_IN_FRAMEWORK_HEADER = YES;
				CLANG_WARN_RANGE_LOOP_ANALYSIS = YES;
				CLANG_WARN_STRICT_PROTOTYPES = YES;
				CLANG_WARN_SUSPICIOUS_MOVE = YES;
				CLANG_WARN_UNGUARDED_AVAILABILITY = YES_AGGRESSIVE;
				CLANG_WARN_UNREACHABLE_CODE = YES;
				CLANG_WARN__DUPLICATE_METHOD_MATCH = YES;
				COPY_PHASE_STRIP = NO;
				DEBUG_INFORMATION_FORMAT = "dwarf-with-dsym";
				ENABLE_NS_ASSERTIONS = NO;
				ENABLE_STRICT_OBJC_MSGSEND = YES;
				GCC_C_LANGUAGE_STANDARD = gnu11;
				GCC_NO_COMMON_BLOCKS = YES;
				GCC_WARN_64_TO_32_BIT_CONVERSION = YES;
				GCC_WARN_ABOUT_RETURN_TYPE = YES_ERROR;
				GCC_WARN_UNDECLARED_SELECTOR = YES;
				GCC_WARN_UNINITIALIZED_AUTOS = YES_AGGRESSIVE;
				GCC_WARN_UNUSED_FUNCTION = YES;
				GCC_WARN_UNUSED_VARIABLE = YES;
				IPHONEOS_DEPLOYMENT_TARGET = 16.2;
				MTL_ENABLE_DEBUG_INFO = NO;
				MTL_FAST_MATH = YES;
				SDKROOT = iphoneos;
				SWIFT_COMPILATION_MODE = wholemodule;
				SWIFT_OPTIMIZATION_LEVEL = "-O";
				VALIDATE_PRODUCT = YES;
			};
			name = Release;
		};
		6F4EF0B92A02534600CB7AC3 /* Debug */ = {
			isa = XCBuildConfiguration;
			baseConfigurationReference = 6891E0A8B2E9855F638D7274 /* Pods-DependencyInjection.debug.xcconfig */;
			buildSettings = {
				ASSETCATALOG_COMPILER_APPICON_NAME = AppIcon;
				ASSETCATALOG_COMPILER_GLOBAL_ACCENT_COLOR_NAME = AccentColor;
				CODE_SIGN_STYLE = Automatic;
				CURRENT_PROJECT_VERSION = 1;
				DEVELOPMENT_TEAM = C6BZF2R2MD;
				GENERATE_INFOPLIST_FILE = YES;
				INFOPLIST_FILE = DependencyInjection/Info.plist;
				INFOPLIST_KEY_UIApplicationSupportsIndirectInputEvents = YES;
				INFOPLIST_KEY_UILaunchStoryboardName = LaunchScreen;
				INFOPLIST_KEY_UIMainStoryboardFile = Main;
				INFOPLIST_KEY_UISupportedInterfaceOrientations_iPad = "UIInterfaceOrientationPortrait UIInterfaceOrientationPortraitUpsideDown UIInterfaceOrientationLandscapeLeft UIInterfaceOrientationLandscapeRight";
				INFOPLIST_KEY_UISupportedInterfaceOrientations_iPhone = "UIInterfaceOrientationPortrait UIInterfaceOrientationLandscapeLeft UIInterfaceOrientationLandscapeRight";
				IPHONEOS_DEPLOYMENT_TARGET = 16.2;
				LD_RUNPATH_SEARCH_PATHS = (
					"$(inherited)",
					"@executable_path/Frameworks",
				);
				MARKETING_VERSION = 1.0;
				PRODUCT_BUNDLE_IDENTIFIER = com.ihsanburakafyonlu.DependencyInjection;
				PRODUCT_NAME = "$(TARGET_NAME)";
				SWIFT_EMIT_LOC_STRINGS = YES;
				SWIFT_VERSION = 5.0;
				TARGETED_DEVICE_FAMILY = "1,2";
			};
			name = Debug;
		};
		6F4EF0BA2A02534600CB7AC3 /* Release */ = {
			isa = XCBuildConfiguration;
			baseConfigurationReference = 2CB37573E019D2DBD7670CFD /* Pods-DependencyInjection.release.xcconfig */;
			buildSettings = {
				ASSETCATALOG_COMPILER_APPICON_NAME = AppIcon;
				ASSETCATALOG_COMPILER_GLOBAL_ACCENT_COLOR_NAME = AccentColor;
				CODE_SIGN_STYLE = Automatic;
				CURRENT_PROJECT_VERSION = 1;
				DEVELOPMENT_TEAM = C6BZF2R2MD;
				GENERATE_INFOPLIST_FILE = YES;
				INFOPLIST_FILE = DependencyInjection/Info.plist;
				INFOPLIST_KEY_UIApplicationSupportsIndirectInputEvents = YES;
				INFOPLIST_KEY_UILaunchStoryboardName = LaunchScreen;
				INFOPLIST_KEY_UIMainStoryboardFile = Main;
				INFOPLIST_KEY_UISupportedInterfaceOrientations_iPad = "UIInterfaceOrientationPortrait UIInterfaceOrientationPortraitUpsideDown UIInterfaceOrientationLandscapeLeft UIInterfaceOrientationLandscapeRight";
				INFOPLIST_KEY_UISupportedInterfaceOrientations_iPhone = "UIInterfaceOrientationPortrait UIInterfaceOrientationLandscapeLeft UIInterfaceOrientationLandscapeRight";
				IPHONEOS_DEPLOYMENT_TARGET = 16.2;
				LD_RUNPATH_SEARCH_PATHS = (
					"$(inherited)",
					"@executable_path/Frameworks",
				);
				MARKETING_VERSION = 1.0;
				PRODUCT_BUNDLE_IDENTIFIER = com.ihsanburakafyonlu.DependencyInjection;
				PRODUCT_NAME = "$(TARGET_NAME)";
				SWIFT_EMIT_LOC_STRINGS = YES;
				SWIFT_VERSION = 5.0;
				TARGETED_DEVICE_FAMILY = "1,2";
			};
			name = Release;
		};
/* End XCBuildConfiguration section */

/* Begin XCConfigurationList section */
		6F4EF09F2A02534500CB7AC3 /* Build configuration list for PBXProject "DependencyInjection" */ = {
			isa = XCConfigurationList;
			buildConfigurations = (
				6F4EF0B62A02534600CB7AC3 /* Debug */,
				6F4EF0B72A02534600CB7AC3 /* Release */,
			);
			defaultConfigurationIsVisible = 0;
			defaultConfigurationName = Release;
		};
		6F4EF0B82A02534600CB7AC3 /* Build configuration list for PBXNativeTarget "DependencyInjection" */ = {
			isa = XCConfigurationList;
			buildConfigurations = (
				6F4EF0B92A02534600CB7AC3 /* Debug */,
				6F4EF0BA2A02534600CB7AC3 /* Release */,
			);
			defaultConfigurationIsVisible = 0;
			defaultConfigurationName = Release;
		};
/* End XCConfigurationList section */
	};
	rootObject = 6F4EF09C2A02534500CB7AC3 /* Project object */;
}
